
Microsoft Visual Studio Solution File, Format Version 12.00
# Visual Studio Version 17
VisualStudioVersion = 17.4.33213.308
MinimumVisualStudioVersion = 10.0.40219.1
Project("{FAE04EC0-301F-11D3-BF4B-00C04F79EFBC}") = "FinalProjectGroup2", "FinalProjectGroup2\FinalProjectGroup2.csproj", "{BA9E9D49-1E58-4645-8E63-7513BDA6F28D}"
EndProject
Global
	GlobalSection(SolutionConfigurationPlatforms) = preSolution
		Debug|Any CPU = Debug|Any CPU
		Release|Any CPU = Release|Any CPU
	EndGlobalSection
	GlobalSection(ProjectConfigurationPlatforms) = postSolution
		{BA9E9D49-1E58-4645-8E63-7513BDA6F28D}.Debug|Any CPU.ActiveCfg = Debug|Any CPU
		{BA9E9D49-1E58-4645-8E63-7513BDA6F28D}.Debug|Any CPU.Build.0 = Debug|Any CPU
		{BA9E9D49-1E58-4645-8E63-7513BDA6F28D}.Release|Any CPU.ActiveCfg = Release|Any CPU
		{BA9E9D49-1E58-4645-8E63-7513BDA6F28D}.Release|Any CPU.Build.0 = Release|Any CPU
	EndGlobalSection
	GlobalSection(SolutionProperties) = preSolution
		HideSolutionNode = FALSE
	EndGlobalSection
	GlobalSection(ExtensibilityGlobals) = postSolution
		SolutionGuid = {E92B8BA0-AD43-4978-BE33-A5BE30112200}
	EndGlobalSection
EndGlobal
